
Microsoft Visual Studio Solution File, Format Version 12.00
# Visual Studio Version 17
VisualStudioVersion = 17.8.34511.84
MinimumVisualStudioVersion = 10.0.40219.1
Project("{FAE04EC0-301F-11D3-BF4B-00C04F79EFBC}") = "react.backend", "react.backend\react.backend.csproj", "{691046FE-69D1-4B4C-8840-5ECBECC4366A}"
EndProject
Global
	GlobalSection(SolutionConfigurationPlatforms) = preSolution
		Debug|Any CPU = Debug|Any CPU
		Release|Any CPU = Release|Any CPU
	EndGlobalSection
	GlobalSection(ProjectConfigurationPlatforms) = postSolution
		{691046FE-69D1-4B4C-8840-5ECBECC4366A}.Debug|Any CPU.ActiveCfg = Debug|Any CPU
		{691046FE-69D1-4B4C-8840-5ECBECC4366A}.Debug|Any CPU.Build.0 = Debug|Any CPU
		{691046FE-69D1-4B4C-8840-5ECBECC4366A}.Release|Any CPU.ActiveCfg = Release|Any CPU
		{691046FE-69D1-4B4C-8840-5ECBECC4366A}.Release|Any CPU.Build.0 = Release|Any CPU
	EndGlobalSection
	GlobalSection(SolutionProperties) = preSolution
		HideSolutionNode = FALSE
	EndGlobalSection
	GlobalSection(ExtensibilityGlobals) = postSolution
		SolutionGuid = {8A3E92AC-177E-4B99-819B-2E4054C53183}
	EndGlobalSection
EndGlobal
